
Microsoft Visual Studio Solution File, Format Version 12.00
Project("{FAE04EC0-301F-11D3-BF4B-00C04F79EFBC}") = "InfiniteSilliness", "InfiniteSilliness\InfiniteSilliness.csproj", "{B9CF8CB7-FAC7-42B9-8E34-AD13017C54DD}"
EndProject
Global
	GlobalSection(SolutionConfigurationPlatforms) = preSolution
		Debug|Any CPU = Debug|Any CPU
		Release|Any CPU = Release|Any CPU
	EndGlobalSection
	GlobalSection(ProjectConfigurationPlatforms) = postSolution
		{B9CF8CB7-FAC7-42B9-8E34-AD13017C54DD}.Debug|Any CPU.ActiveCfg = Debug|Any CPU
		{B9CF8CB7-FAC7-42B9-8E34-AD13017C54DD}.Debug|Any CPU.Build.0 = Debug|Any CPU
		{B9CF8CB7-FAC7-42B9-8E34-AD13017C54DD}.Release|Any CPU.ActiveCfg = Release|Any CPU
		{B9CF8CB7-FAC7-42B9-8E34-AD13017C54DD}.Release|Any CPU.Build.0 = Release|Any CPU
	EndGlobalSection
EndGlobal
