
Microsoft Visual Studio Solution File, Format Version 12.00
# Visual Studio Version 17
VisualStudioVersion = 17.10.35004.147
MinimumVisualStudioVersion = 10.0.40219.1
Project("{FAE04EC0-301F-11D3-BF4B-00C04F79EFBC}") = "Quicksort", "Quicksort\Quicksort.csproj", "{717DBAC1-1FBF-44D4-9C89-0BA3DFF61CB5}"
EndProject
Global
	GlobalSection(SolutionConfigurationPlatforms) = preSolution
		Debug|Any CPU = Debug|Any CPU
		Release|Any CPU = Release|Any CPU
	EndGlobalSection
	GlobalSection(ProjectConfigurationPlatforms) = postSolution
		{717DBAC1-1FBF-44D4-9C89-0BA3DFF61CB5}.Debug|Any CPU.ActiveCfg = Debug|Any CPU
		{717DBAC1-1FBF-44D4-9C89-0BA3DFF61CB5}.Debug|Any CPU.Build.0 = Debug|Any CPU
		{717DBAC1-1FBF-44D4-9C89-0BA3DFF61CB5}.Release|Any CPU.ActiveCfg = Release|Any CPU
		{717DBAC1-1FBF-44D4-9C89-0BA3DFF61CB5}.Release|Any CPU.Build.0 = Release|Any CPU
	EndGlobalSection
	GlobalSection(SolutionProperties) = preSolution
		HideSolutionNode = FALSE
	EndGlobalSection
	GlobalSection(ExtensibilityGlobals) = postSolution
		SolutionGuid = {77814001-3554-4A1B-98E1-73397B7B6542}
	EndGlobalSection
EndGlobal
